
Microsoft Visual Studio Solution File, Format Version 12.00
# Visual Studio Version 16
VisualStudioVersion = 16.0.31205.134
MinimumVisualStudioVersion = 10.0.40219.1
Project("{FAE04EC0-301F-11D3-BF4B-00C04F79EFBC}") = "SalesWebMvc", "SalesWebMvc\SalesWebMvc.csproj", "{E751793E-1F57-4B0D-9E88-34AF0A8919D2}"
EndProject
Global
	GlobalSection(SolutionConfigurationPlatforms) = preSolution
		Debug|Any CPU = Debug|Any CPU
		Release|Any CPU = Release|Any CPU
	EndGlobalSection
	GlobalSection(ProjectConfigurationPlatforms) = postSolution
		{E751793E-1F57-4B0D-9E88-34AF0A8919D2}.Debug|Any CPU.ActiveCfg = Debug|Any CPU
		{E751793E-1F57-4B0D-9E88-34AF0A8919D2}.Debug|Any CPU.Build.0 = Debug|Any CPU
		{E751793E-1F57-4B0D-9E88-34AF0A8919D2}.Release|Any CPU.ActiveCfg = Release|Any CPU
		{E751793E-1F57-4B0D-9E88-34AF0A8919D2}.Release|Any CPU.Build.0 = Release|Any CPU
	EndGlobalSection
	GlobalSection(SolutionProperties) = preSolution
		HideSolutionNode = FALSE
	EndGlobalSection
	GlobalSection(ExtensibilityGlobals) = postSolution
		SolutionGuid = {526B10CB-4198-4337-A149-9473AD124967}
	EndGlobalSection
EndGlobal
